
Microsoft Visual Studio Solution File, Format Version 12.00
# Visual Studio Version 16
VisualStudioVersion = 16.0.30804.86
MinimumVisualStudioVersion = 10.0.40219.1
Project("{FAE04EC0-301F-11D3-BF4B-00C04F79EFBC}") = "my-books", "my-books\my-books.csproj", "{E322FD0A-2C77-40E1-AD6F-2E342C91CEDD}"
EndProject
Global
	GlobalSection(SolutionConfigurationPlatforms) = preSolution
		Debug|Any CPU = Debug|Any CPU
		Release|Any CPU = Release|Any CPU
	EndGlobalSection
	GlobalSection(ProjectConfigurationPlatforms) = postSolution
		{E322FD0A-2C77-40E1-AD6F-2E342C91CEDD}.Debug|Any CPU.ActiveCfg = Debug|Any CPU
		{E322FD0A-2C77-40E1-AD6F-2E342C91CEDD}.Debug|Any CPU.Build.0 = Debug|Any CPU
		{E322FD0A-2C77-40E1-AD6F-2E342C91CEDD}.Release|Any CPU.ActiveCfg = Release|Any CPU
		{E322FD0A-2C77-40E1-AD6F-2E342C91CEDD}.Release|Any CPU.Build.0 = Release|Any CPU
	EndGlobalSection
	GlobalSection(SolutionProperties) = preSolution
		HideSolutionNode = FALSE
	EndGlobalSection
	GlobalSection(ExtensibilityGlobals) = postSolution
		SolutionGuid = {A6278C06-6F14-4BBE-A933-E28AABB3C2B5}
	EndGlobalSection
EndGlobal
